// !$*UTF8*$!
{
	archiveVersion = 1;
	classes = {
	};
	objectVersion = 46;
	objects = {

/* Begin PBXBuildFile section */
		031BD71E18D4859200DF6896 /* Foundation.framework in Frameworks */ = {isa = PBXBuildFile; fileRef = 031BD71D18D4859200DF6896 /* Foundation.framework */; };
		031BD72018D4859200DF6896 /* CoreGraphics.framework in Frameworks */ = {isa = PBXBuildFile; fileRef = 031BD71F18D4859200DF6896 /* CoreGraphics.framework */; };
		031BD72218D4859200DF6896 /* UIKit.framework in Frameworks */ = {isa = PBXBuildFile; fileRef = 031BD72118D4859200DF6896 /* UIKit.framework */; };
		031BD72818D4859300DF6896 /* InfoPlist.strings in Resources */ = {isa = PBXBuildFile; fileRef = 031BD72618D4859300DF6896 /* InfoPlist.strings */; };
		031BD72A18D4859300DF6896 /* main.m in Sources */ = {isa = PBXBuildFile; fileRef = 031BD72918D4859300DF6896 /* main.m */; };
		031BD72E18D4859300DF6896 /* NBAppDelegate.m in Sources */ = {isa = PBXBuildFile; fileRef = 031BD72D18D4859300DF6896 /* NBAppDelegate.m */; };
		031BD73118D4859300DF6896 /* Main.storyboard in Resources */ = {isa = PBXBuildFile; fileRef = 031BD72F18D4859300DF6896 /* Main.storyboard */; };
		031BD73418D4859300DF6896 /* NBViewController.m in Sources */ = {isa = PBXBuildFile; fileRef = 031BD73318D4859300DF6896 /* NBViewController.m */; };
		031BD73618D4859300DF6896 /* Images.xcassets in Resources */ = {isa = PBXBuildFile; fileRef = 031BD73518D4859300DF6896 /* Images.xcassets */; };
		031BD73D18D4859300DF6896 /* XCTest.framework in Frameworks */ = {isa = PBXBuildFile; fileRef = 031BD73C18D4859300DF6896 /* XCTest.framework */; };
		031BD73E18D4859300DF6896 /* Foundation.framework in Frameworks */ = {isa = PBXBuildFile; fileRef = 031BD71D18D4859200DF6896 /* Foundation.framework */; };
		031BD73F18D4859300DF6896 /* UIKit.framework in Frameworks */ = {isa = PBXBuildFile; fileRef = 031BD72118D4859200DF6896 /* UIKit.framework */; };
		031BD74718D4859300DF6896 /* InfoPlist.strings in Resources */ = {isa = PBXBuildFile; fileRef = 031BD74518D4859300DF6896 /* InfoPlist.strings */; };
		031BD74918D4859300DF6896 /* demoTests.m in Sources */ = {isa = PBXBuildFile; fileRef = 031BD74818D4859300DF6896 /* demoTests.m */; };
		031BD75918D485C000DF6896 /* NBMiniModal.m in Sources */ = {isa = PBXBuildFile; fileRef = 031BD75818D485C000DF6896 /* NBMiniModal.m */; };
		031BD75C18D485E600DF6896 /* NBSampleMiniModal.m in Sources */ = {isa = PBXBuildFile; fileRef = 031BD75B18D485E600DF6896 /* NBSampleMiniModal.m */; };
		031BD75F18D4883200DF6896 /* UIViewController+MiniModal.m in Sources */ = {isa = PBXBuildFile; fileRef = 031BD75E18D4883200DF6896 /* UIViewController+MiniModal.m */; };
/* End PBXBuildFile section */

/* Begin PBXContainerItemProxy section */
		031BD74018D4859300DF6896 /* PBXContainerItemProxy */ = {
			isa = PBXContainerItemProxy;
			containerPortal = 031BD71218D4859200DF6896 /* Project object */;
			proxyType = 1;
			remoteGlobalIDString = 031BD71918D4859200DF6896;
			remoteInfo = demo;
		};
/* End PBXContainerItemProxy section */

/* Begin PBXFileReference section */
		031BD71A18D4859200DF6896 /* demo.app */ = {isa = PBXFileReference; explicitFileType = wrapper.application; includeInIndex = 0; path = demo.app; sourceTree = BUILT_PRODUCTS_DIR; };
		031BD71D18D4859200DF6896 /* Foundation.framework */ = {isa = PBXFileReference; lastKnownFileType = wrapper.framework; name = Foundation.framework; path = System/Library/Frameworks/Foundation.framework; sourceTree = SDKROOT; };
		031BD71F18D4859200DF6896 /* CoreGraphics.framework */ = {isa = PBXFileReference; lastKnownFileType = wrapper.framework; name = CoreGraphics.framework; path = System/Library/Frameworks/CoreGraphics.framework; sourceTree = SDKROOT; };
		031BD72118D4859200DF6896 /* UIKit.framework */ = {isa = PBXFileReference; lastKnownFileType = wrapper.framework; name = UIKit.framework; path = System/Library/Frameworks/UIKit.framework; sourceTree = SDKROOT; };
		031BD72518D4859300DF6896 /* demo-Info.plist */ = {isa = PBXFileReference; lastKnownFileType = text.plist.xml; path = "demo-Info.plist"; sourceTree = "<group>"; };
		031BD72718D4859300DF6896 /* en */ = {isa = PBXFileReference; lastKnownFileType = text.plist.strings; name = en; path = en.lproj/InfoPlist.strings; sourceTree = "<group>"; };
		031BD72918D4859300DF6896 /* main.m */ = {isa = PBXFileReference; lastKnownFileType = sourcecode.c.objc; path = main.m; sourceTree = "<group>"; };
		031BD72B18D4859300DF6896 /* demo-Prefix.pch */ = {isa = PBXFileReference; lastKnownFileType = sourcecode.c.h; path = "demo-Prefix.pch"; sourceTree = "<group>"; };
		031BD72C18D4859300DF6896 /* NBAppDelegate.h */ = {isa = PBXFileReference; lastKnownFileType = sourcecode.c.h; path = NBAppDelegate.h; sourceTree = "<group>"; };
		031BD72D18D4859300DF6896 /* NBAppDelegate.m */ = {isa = PBXFileReference; lastKnownFileType = sourcecode.c.objc; path = NBAppDelegate.m; sourceTree = "<group>"; };
		031BD73018D4859300DF6896 /* Base */ = {isa = PBXFileReference; lastKnownFileType = file.storyboard; name = Base; path = Base.lproj/Main.storyboard; sourceTree = "<group>"; };
		031BD73218D4859300DF6896 /* NBViewController.h */ = {isa = PBXFileReference; lastKnownFileType = sourcecode.c.h; path = NBViewController.h; sourceTree = "<group>"; };
		031BD73318D4859300DF6896 /* NBViewController.m */ = {isa = PBXFileReference; lastKnownFileType = sourcecode.c.objc; path = NBViewController.m; sourceTree = "<group>"; };
		031BD73518D4859300DF6896 /* Images.xcassets */ = {isa = PBXFileReference; lastKnownFileType = folder.assetcatalog; path = Images.xcassets; sourceTree = "<group>"; };
		031BD73B18D4859300DF6896 /* demoTests.xctest */ = {isa = PBXFileReference; explicitFileType = wrapper.cfbundle; includeInIndex = 0; path = demoTests.xctest; sourceTree = BUILT_PRODUCTS_DIR; };
		031BD73C18D4859300DF6896 /* XCTest.framework */ = {isa = PBXFileReference; lastKnownFileType = wrapper.framework; name = XCTest.framework; path = Library/Frameworks/XCTest.framework; sourceTree = DEVELOPER_DIR; };
		031BD74418D4859300DF6896 /* demoTests-Info.plist */ = {isa = PBXFileReference; lastKnownFileType = text.plist.xml; path = "demoTests-Info.plist"; sourceTree = "<group>"; };
		031BD74618D4859300DF6896 /* en */ = {isa = PBXFileReference; lastKnownFileType = text.plist.strings; name = en; path = en.lproj/InfoPlist.strings; sourceTree = "<group>"; };
		031BD74818D4859300DF6896 /* demoTests.m */ = {isa = PBXFileReference; lastKnownFileType = sourcecode.c.objc; path = demoTests.m; sourceTree = "<group>"; };
		031BD75718D485C000DF6896 /* NBMiniModal.h */ = {isa = PBXFileReference; fileEncoding = 4; lastKnownFileType = sourcecode.c.h; path = NBMiniModal.h; sourceTree = "<group>"; };
		031BD75818D485C000DF6896 /* NBMiniModal.m */ = {isa = PBXFileReference; fileEncoding = 4; lastKnownFileType = sourcecode.c.objc; path = NBMiniModal.m; sourceTree = "<group>"; };
		031BD75A18D485E600DF6896 /* NBSampleMiniModal.h */ = {isa = PBXFileReference; fileEncoding = 4; lastKnownFileType = sourcecode.c.h; path = NBSampleMiniModal.h; sourceTree = "<group>"; };
		031BD75B18D485E600DF6896 /* NBSampleMiniModal.m */ = {isa = PBXFileReference; fileEncoding = 4; lastKnownFileType = sourcecode.c.objc; path = NBSampleMiniModal.m; sourceTree = "<group>"; };
		031BD75D18D4883200DF6896 /* UIViewController+MiniModal.h */ = {isa = PBXFileReference; fileEncoding = 4; lastKnownFileType = sourcecode.c.h; path = "UIViewController+MiniModal.h"; sourceTree = "<group>"; };
		031BD75E18D4883200DF6896 /* UIViewController+MiniModal.m */ = {isa = PBXFileReference; fileEncoding = 4; lastKnownFileType = sourcecode.c.objc; path = "UIViewController+MiniModal.m"; sourceTree = "<group>"; };
/* End PBXFileReference section */

/* Begin PBXFrameworksBuildPhase section */
		031BD71718D4859200DF6896 /* Frameworks */ = {
			isa = PBXFrameworksBuildPhase;
			buildActionMask = 2147483647;
			files = (
				031BD72018D4859200DF6896 /* CoreGraphics.framework in Frameworks */,
				031BD72218D4859200DF6896 /* UIKit.framework in Frameworks */,
				031BD71E18D4859200DF6896 /* Foundation.framework in Frameworks */,
			);
			runOnlyForDeploymentPostprocessing = 0;
		};
		031BD73818D4859300DF6896 /* Frameworks */ = {
			isa = PBXFrameworksBuildPhase;
			buildActionMask = 2147483647;
			files = (
				031BD73D18D4859300DF6896 /* XCTest.framework in Frameworks */,
				031BD73F18D4859300DF6896 /* UIKit.framework in Frameworks */,
				031BD73E18D4859300DF6896 /* Foundation.framework in Frameworks */,
			);
			runOnlyForDeploymentPostprocessing = 0;
		};
/* End PBXFrameworksBuildPhase section */

/* Begin PBXGroup section */
		031BD71118D4859200DF6896 = {
			isa = PBXGroup;
			children = (
				031BD72318D4859200DF6896 /* demo */,
				031BD74218D4859300DF6896 /* demoTests */,
				031BD71C18D4859200DF6896 /* Frameworks */,
				031BD71B18D4859200DF6896 /* Products */,
				031BD75618D485C000DF6896 /* src */,
			);
			sourceTree = "<group>";
		};
		031BD71B18D4859200DF6896 /* Products */ = {
			isa = PBXGroup;
			children = (
				031BD71A18D4859200DF6896 /* demo.app */,
				031BD73B18D4859300DF6896 /* demoTests.xctest */,
			);
			name = Products;
			sourceTree = "<group>";
		};
		031BD71C18D4859200DF6896 /* Frameworks */ = {
			isa = PBXGroup;
			children = (
				031BD71D18D4859200DF6896 /* Foundation.framework */,
				031BD71F18D4859200DF6896 /* CoreGraphics.framework */,
				031BD72118D4859200DF6896 /* UIKit.framework */,
				031BD73C18D4859300DF6896 /* XCTest.framework */,
			);
			name = Frameworks;
			sourceTree = "<group>";
		};
		031BD72318D4859200DF6896 /* demo */ = {
			isa = PBXGroup;
			children = (
				031BD72C18D4859300DF6896 /* NBAppDelegate.h */,
				031BD72D18D4859300DF6896 /* NBAppDelegate.m */,
				031BD72F18D4859300DF6896 /* Main.storyboard */,
				031BD73218D4859300DF6896 /* NBViewController.h */,
				031BD73318D4859300DF6896 /* NBViewController.m */,
				031BD73518D4859300DF6896 /* Images.xcassets */,
				031BD72418D4859300DF6896 /* Supporting Files */,
				031BD75A18D485E600DF6896 /* NBSampleMiniModal.h */,
				031BD75B18D485E600DF6896 /* NBSampleMiniModal.m */,
			);
			path = demo;
			sourceTree = "<group>";
		};
		031BD72418D4859300DF6896 /* Supporting Files */ = {
			isa = PBXGroup;
			children = (
				031BD72518D4859300DF6896 /* demo-Info.plist */,
				031BD72618D4859300DF6896 /* InfoPlist.strings */,
				031BD72918D4859300DF6896 /* main.m */,
				031BD72B18D4859300DF6896 /* demo-Prefix.pch */,
			);
			name = "Supporting Files";
			sourceTree = "<group>";
		};
		031BD74218D4859300DF6896 /* demoTests */ = {
			isa = PBXGroup;
			children = (
				031BD74818D4859300DF6896 /* demoTests.m */,
				031BD74318D4859300DF6896 /* Supporting Files */,
			);
			path = demoTests;
			sourceTree = "<group>";
		};
		031BD74318D4859300DF6896 /* Supporting Files */ = {
			isa = PBXGroup;
			children = (
				031BD74418D4859300DF6896 /* demoTests-Info.plist */,
				031BD74518D4859300DF6896 /* InfoPlist.strings */,
			);
			name = "Supporting Files";
			sourceTree = "<group>";
		};
		031BD75618D485C000DF6896 /* src */ = {
			isa = PBXGroup;
			children = (
				031BD75D18D4883200DF6896 /* UIViewController+MiniModal.h */,
				031BD75E18D4883200DF6896 /* UIViewController+MiniModal.m */,
				031BD75718D485C000DF6896 /* NBMiniModal.h */,
				031BD75818D485C000DF6896 /* NBMiniModal.m */,
			);
			name = src;
			path = ../src;
			sourceTree = "<group>";
		};
/* End PBXGroup section */

/* Begin PBXNativeTarget section */
		031BD71918D4859200DF6896 /* demo */ = {
			isa = PBXNativeTarget;
			buildConfigurationList = 031BD74C18D4859300DF6896 /* Build configuration list for PBXNativeTarget "demo" */;
			buildPhases = (
				031BD71618D4859200DF6896 /* Sources */,
				031BD71718D4859200DF6896 /* Frameworks */,
				031BD71818D4859200DF6896 /* Resources */,
			);
			buildRules = (
			);
			dependencies = (
			);
			name = demo;
			productName = demo;
			productReference = 031BD71A18D4859200DF6896 /* demo.app */;
			productType = "com.apple.product-type.application";
		};
		031BD73A18D4859300DF6896 /* demoTests */ = {
			isa = PBXNativeTarget;
			buildConfigurationList = 031BD74F18D4859300DF6896 /* Build configuration list for PBXNativeTarget "demoTests" */;
			buildPhases = (
				031BD73718D4859300DF6896 /* Sources */,
				031BD73818D4859300DF6896 /* Frameworks */,
				031BD73918D4859300DF6896 /* Resources */,
			);
			buildRules = (
			);
			dependencies = (
				031BD74118D4859300DF6896 /* PBXTargetDependency */,
			);
			name = demoTests;
			productName = demoTests;
			productReference = 031BD73B18D4859300DF6896 /* demoTests.xctest */;
			productType = "com.apple.product-type.bundle.unit-test";
		};
/* End PBXNativeTarget section */

/* Begin PBXProject section */
		031BD71218D4859200DF6896 /* Project object */ = {
			isa = PBXProject;
			attributes = {
				CLASSPREFIX = NB;
				LastUpgradeCheck = 0510;
				ORGANIZATIONNAME = NeedBee;
				TargetAttributes = {
					031BD73A18D4859300DF6896 = {
						TestTargetID = 031BD71918D4859200DF6896;
					};
				};
			};
			buildConfigurationList = 031BD71518D4859200DF6896 /* Build configuration list for PBXProject "demo" */;
			compatibilityVersion = "Xcode 3.2";
			developmentRegion = English;
			hasScannedForEncodings = 0;
			knownRegions = (
				en,
				Base,
			);
			mainGroup = 031BD71118D4859200DF6896;
			productRefGroup = 031BD71B18D4859200DF6896 /* Products */;
			projectDirPath = "";
			projectRoot = "";
			targets = (
				031BD71918D4859200DF6896 /* demo */,
				031BD73A18D4859300DF6896 /* demoTests */,
			);
		};
/* End PBXProject section */

/* Begin PBXResourcesBuildPhase section */
		031BD71818D4859200DF6896 /* Resources */ = {
			isa = PBXResourcesBuildPhase;
			buildActionMask = 2147483647;
			files = (
				031BD73618D4859300DF6896 /* Images.xcassets in Resources */,
				031BD72818D4859300DF6896 /* InfoPlist.strings in Resources */,
				031BD73118D4859300DF6896 /* Main.storyboard in Resources */,
			);
			runOnlyForDeploymentPostprocessing = 0;
		};
		031BD73918D4859300DF6896 /* Resources */ = {
			isa = PBXResourcesBuildPhase;
			buildActionMask = 2147483647;
			files = (
				031BD74718D4859300DF6896 /* InfoPlist.strings in Resources */,
			);
			runOnlyForDeploymentPostprocessing = 0;
		};
/* End PBXResourcesBuildPhase section */

/* Begin PBXSourcesBuildPhase section */
		031BD71618D4859200DF6896 /* Sources */ = {
			isa = PBXSourcesBuildPhase;
			buildActionMask = 2147483647;
			files = (
				031BD73418D4859300DF6896 /* NBViewController.m in Sources */,
				031BD75F18D4883200DF6896 /* UIViewController+MiniModal.m in Sources */,
				031BD72E18D4859300DF6896 /* NBAppDelegate.m in Sources */,
				031BD75C18D485E600DF6896 /* NBSampleMiniModal.m in Sources */,
				031BD75918D485C000DF6896 /* NBMiniModal.m in Sources */,
				031BD72A18D4859300DF6896 /* main.m in Sources */,
			);
			runOnlyForDeploymentPostprocessing = 0;
		};
		031BD73718D4859300DF6896 /* Sources */ = {
			isa = PBXSourcesBuildPhase;
			buildActionMask = 2147483647;
			files = (
				031BD74918D4859300DF6896 /* demoTests.m in Sources */,
			);
			runOnlyForDeploymentPostprocessing = 0;
		};
/* End PBXSourcesBuildPhase section */

/* Begin PBXTargetDependency section */
		031BD74118D4859300DF6896 /* PBXTargetDependency */ = {
			isa = PBXTargetDependency;
			target = 031BD71918D4859200DF6896 /* demo */;
			targetProxy = 031BD74018D4859300DF6896 /* PBXContainerItemProxy */;
		};
/* End PBXTargetDependency section */

/* Begin PBXVariantGroup section */
		031BD72618D4859300DF6896 /* InfoPlist.strings */ = {
			isa = PBXVariantGroup;
			children = (
				031BD72718D4859300DF6896 /* en */,
			);
			name = InfoPlist.strings;
			sourceTree = "<group>";
		};
		031BD72F18D4859300DF6896 /* Main.storyboard */ = {
			isa = PBXVariantGroup;
			children = (
				031BD73018D4859300DF6896 /* Base */,
			);
			name = Main.storyboard;
			sourceTree = "<group>";
		};
		031BD74518D4859300DF6896 /* InfoPlist.strings */ = {
			isa = PBXVariantGroup;
			children = (
				031BD74618D4859300DF6896 /* en */,
			);
			name = InfoPlist.strings;
			sourceTree = "<group>";
		};
/* End PBXVariantGroup section */

/* Begin XCBuildConfiguration section */
		031BD74A18D4859300DF6896 /* Debug */ = {
			isa = XCBuildConfiguration;
			buildSettings = {
				ALWAYS_SEARCH_USER_PATHS = NO;
				CLANG_CXX_LANGUAGE_STANDARD = "gnu++0x";
				CLANG_CXX_LIBRARY = "libc++";
				CLANG_ENABLE_MODULES = YES;
				CLANG_ENABLE_OBJC_ARC = YES;
				CLANG_WARN_BOOL_CONVERSION = YES;
				CLANG_WARN_CONSTANT_CONVERSION = YES;
				CLANG_WARN_DIRECT_OBJC_ISA_USAGE = YES_ERROR;
				CLANG_WARN_EMPTY_BODY = YES;
				CLANG_WARN_ENUM_CONVERSION = YES;
				CLANG_WARN_INT_CONVERSION = YES;
				CLANG_WARN_OBJC_ROOT_CLASS = YES_ERROR;
				CLANG_WARN__DUPLICATE_METHOD_MATCH = YES;
				"CODE_SIGN_IDENTITY[sdk=iphoneos*]" = "iPhone Developer";
				COPY_PHASE_STRIP = NO;
				GCC_C_LANGUAGE_STANDARD = gnu99;
				GCC_DYNAMIC_NO_PIC = NO;
				GCC_OPTIMIZATION_LEVEL = 0;
				GCC_PREPROCESSOR_DEFINITIONS = (
					"DEBUG=1",
					"$(inherited)",
				);
				GCC_SYMBOLS_PRIVATE_EXTERN = NO;
				GCC_WARN_64_TO_32_BIT_CONVERSION = YES;
				GCC_WARN_ABOUT_RETURN_TYPE = YES_ERROR;
				GCC_WARN_UNDECLARED_SELECTOR = YES;
				GCC_WARN_UNINITIALIZED_AUTOS = YES_AGGRESSIVE;
				GCC_WARN_UNUSED_FUNCTION = YES;
				GCC_WARN_UNUSED_VARIABLE = YES;
				IPHONEOS_DEPLOYMENT_TARGET = 7.1;
				ONLY_ACTIVE_ARCH = YES;
				SDKROOT = iphoneos;
			};
			name = Debug;
		};
		031BD74B18D4859300DF6896 /* Release */ = {
			isa = XCBuildConfiguration;
			buildSettings = {
				ALWAYS_SEARCH_USER_PATHS = NO;
				CLANG_CXX_LANGUAGE_STANDARD = "gnu++0x";
				CLANG_CXX_LIBRARY = "libc++";
				CLANG_ENABLE_MODULES = YES;
				CLANG_ENABLE_OBJC_ARC = YES;
				CLANG_WARN_BOOL_CONVERSION = YES;
				CLANG_WARN_CONSTANT_CONVERSION = YES;
				CLANG_WARN_DIRECT_OBJC_ISA_USAGE = YES_ERROR;
				CLANG_WARN_EMPTY_BODY = YES;
				CLANG_WARN_ENUM_CONVERSION = YES;
				CLANG_WARN_INT_CONVERSION = YES;
				CLANG_WARN_OBJC_ROOT_CLASS = YES_ERROR;
				CLANG_WARN__DUPLICATE_METHOD_MATCH = YES;
				"CODE_SIGN_IDENTITY[sdk=iphoneos*]" = "iPhone Developer";
				COPY_PHASE_STRIP = YES;
				ENABLE_NS_ASSERTIONS = NO;
				GCC_C_LANGUAGE_STANDARD = gnu99;
				GCC_WARN_64_TO_32_BIT_CONVERSION = YES;
				GCC_WARN_ABOUT_RETURN_TYPE = YES_ERROR;
				GCC_WARN_UNDECLARED_SELECTOR = YES;
				GCC_WARN_UNINITIALIZED_AUTOS = YES_AGGRESSIVE;
				GCC_WARN_UNUSED_FUNCTION = YES;
				GCC_WARN_UNUSED_VARIABLE = YES;
				IPHONEOS_DEPLOYMENT_TARGET = 7.1;
				SDKROOT = iphoneos;
				VALIDATE_PRODUCT = YES;
			};
			name = Release;
		};
		031BD74D18D4859300DF6896 /* Debug */ = {
			isa = XCBuildConfiguration;
			buildSettings = {
				ASSETCATALOG_COMPILER_APPICON_NAME = AppIcon;
				ASSETCATALOG_COMPILER_LAUNCHIMAGE_NAME = LaunchImage;
				GCC_PRECOMPILE_PREFIX_HEADER = YES;
				GCC_PREFIX_HEADER = "demo/demo-Prefix.pch";
				INFOPLIST_FILE = "demo/demo-Info.plist";
				IPHONEOS_DEPLOYMENT_TARGET = 6.0;
				PRODUCT_NAME = "$(TARGET_NAME)";
				WRAPPER_EXTENSION = app;
			};
			name = Debug;
		};
		031BD74E18D4859300DF6896 /* Release */ = {
			isa = XCBuildConfiguration;
			buildSettings = {
				ASSETCATALOG_COMPILER_APPICON_NAME = AppIcon;
				ASSETCATALOG_COMPILER_LAUNCHIMAGE_NAME = LaunchImage;
				GCC_PRECOMPILE_PREFIX_HEADER = YES;
				GCC_PREFIX_HEADER = "demo/demo-Prefix.pch";
				INFOPLIST_FILE = "demo/demo-Info.plist";
				IPHONEOS_DEPLOYMENT_TARGET = 6.0;
				PRODUCT_NAME = "$(TARGET_NAME)";
				WRAPPER_EXTENSION = app;
			};
			name = Release;
		};
		031BD75018D4859300DF6896 /* Debug */ = {
			isa = XCBuildConfiguration;
			buildSettings = {
				BUNDLE_LOADER = "$(BUILT_PRODUCTS_DIR)/demo.app/demo";
				FRAMEWORK_SEARCH_PATHS = (
					"$(SDKROOT)/Developer/Library/Frameworks",
					"$(inherited)",
					"$(DEVELOPER_FRAMEWORKS_DIR)",
				);
				GCC_PRECOMPILE_PREFIX_HEADER = YES;
				GCC_PREFIX_HEADER = "demo/demo-Prefix.pch";
				GCC_PREPROCESSOR_DEFINITIONS = (
					"DEBUG=1",
					"$(inherited)",
				);
				INFOPLIST_FILE = "demoTests/demoTests-Info.plist";
				PRODUCT_NAME = "$(TARGET_NAME)";
				TEST_HOST = "$(BUNDLE_LOADER)";
				WRAPPER_EXTENSION = xctest;
			};
			name = Debug;
		};
		031BD75118D4859300DF6896 /* Release */ = {
			isa = XCBuildConfiguration;
			buildSettings = {
				BUNDLE_LOADER = "$(BUILT_PRODUCTS_DIR)/demo.app/demo";
				FRAMEWORK_SEARCH_PATHS = (
					"$(SDKROOT)/Developer/Library/Frameworks",
					"$(inherited)",
					"$(DEVELOPER_FRAMEWORKS_DIR)",
				);
				GCC_PRECOMPILE_PREFIX_HEADER = YES;
				GCC_PREFIX_HEADER = "demo/demo-Prefix.pch";
				INFOPLIST_FILE = "demoTests/demoTests-Info.plist";
				PRODUCT_NAME = "$(TARGET_NAME)";
				TEST_HOST = "$(BUNDLE_LOADER)";
				WRAPPER_EXTENSION = xctest;
			};
			name = Release;
		};
/* End XCBuildConfiguration section */

/* Begin XCConfigurationList section */
		031BD71518D4859200DF6896 /* Build configuration list for PBXProject "demo" */ = {
			isa = XCConfigurationList;
			buildConfigurations = (
				031BD74A18D4859300DF6896 /* Debug */,
				031BD74B18D4859300DF6896 /* Release */,
			);
			defaultConfigurationIsVisible = 0;
			defaultConfigurationName = Release;
		};
		031BD74C18D4859300DF6896 /* Build configuration list for PBXNativeTarget "demo" */ = {
			isa = XCConfigurationList;
			buildConfigurations = (
				031BD74D18D4859300DF6896 /* Debug */,
				031BD74E18D4859300DF6896 /* Release */,
			);
			defaultConfigurationIsVisible = 0;
			defaultConfigurationName = Release;
		};
		031BD74F18D4859300DF6896 /* Build configuration list for PBXNativeTarget "demoTests" */ = {
			isa = XCConfigurationList;
			buildConfigurations = (
				031BD75018D4859300DF6896 /* Debug */,
				031BD75118D4859300DF6896 /* Release */,
			);
			defaultConfigurationIsVisible = 0;
			defaultConfigurationName = Release;
		};
/* End XCConfigurationList section */
	};
	rootObject = 031BD71218D4859200DF6896 /* Project object */;
}
